# THIS IS AN AUTOGENERATED FILE. DO NOT EDIT THIS FILE DIRECTLY.
# yarn lockfile v1


minimist@^1.2.0:
  version "1.2.8"
  resolved "https://registry.yarnpkg.com/minimist/-/minimist-1.2.8.tgz#c1a464e7693302e082a075cee0c057741ac4772c"
  integrity sha512-2yyAR8qBkN3YuheJanUpWC5U3bb5osDywNB8RzDVlDwDHbocAJveqqj1u8+SVD7jkWT4yvsHCpWqqWqAxb0zCA==

userscript-builder@^0.4.0:
  version "0.4.0"
  resolved "https://registry.yarnpkg.com/userscript-builder/-/userscript-builder-0.4.0.tgz#758afd941764a0b5a8899e588f7f6f73fc75b489"
  integrity sha512-OCdGK15GbERqT/E2EOQaEOsji1Qm4slRBaT+DcHYMTGpmmGT6lXY6SvDD6EYgp63CXYNPtRV8mT0jiF576zpNw==
  dependencies:
    minimist "^1.2.0"
